
Microsoft Visual Studio Solution File, Format Version 12.00
# Visual Studio Version 17
VisualStudioVersion = 17.9.34714.143
MinimumVisualStudioVersion = 10.0.40219.1
Project("{9A19103F-16F7-4668-BE54-9A1E7A4F7556}") = "Glamify.API", "Glamify.Server\Glamify.API.csproj", "{D44BAE22-474D-426C-8343-B6F6909E680E}"
EndProject
Project("{FAE04EC0-301F-11D3-BF4B-00C04F79EFBC}") = "Glamify.Domain", "Glamify.Domain\Glamify.Domain.csproj", "{10F80738-DD0B-4BA7-AC4F-0FB055C7FB38}"
EndProject
Project("{FAE04EC0-301F-11D3-BF4B-00C04F79EFBC}") = "Glamify.Infrastructure", "Glamify.Infrastructure\Glamify.Infrastructure.csproj", "{49716911-A31D-43D6-B96A-6F415AC1FD8A}"
EndProject
Global
	GlobalSection(SolutionConfigurationPlatforms) = preSolution
		Debug|Any CPU = Debug|Any CPU
		Release|Any CPU = Release|Any CPU
	EndGlobalSection
	GlobalSection(ProjectConfigurationPlatforms) = postSolution
		{D44BAE22-474D-426C-8343-B6F6909E680E}.Debug|Any CPU.ActiveCfg = Debug|Any CPU
		{D44BAE22-474D-426C-8343-B6F6909E680E}.Debug|Any CPU.Build.0 = Debug|Any CPU
		{D44BAE22-474D-426C-8343-B6F6909E680E}.Release|Any CPU.ActiveCfg = Release|Any CPU
		{D44BAE22-474D-426C-8343-B6F6909E680E}.Release|Any CPU.Build.0 = Release|Any CPU
		{10F80738-DD0B-4BA7-AC4F-0FB055C7FB38}.Debug|Any CPU.ActiveCfg = Debug|Any CPU
		{10F80738-DD0B-4BA7-AC4F-0FB055C7FB38}.Debug|Any CPU.Build.0 = Debug|Any CPU
		{10F80738-DD0B-4BA7-AC4F-0FB055C7FB38}.Release|Any CPU.ActiveCfg = Release|Any CPU
		{10F80738-DD0B-4BA7-AC4F-0FB055C7FB38}.Release|Any CPU.Build.0 = Release|Any CPU
		{49716911-A31D-43D6-B96A-6F415AC1FD8A}.Debug|Any CPU.ActiveCfg = Debug|Any CPU
		{49716911-A31D-43D6-B96A-6F415AC1FD8A}.Debug|Any CPU.Build.0 = Debug|Any CPU
		{49716911-A31D-43D6-B96A-6F415AC1FD8A}.Release|Any CPU.ActiveCfg = Release|Any CPU
		{49716911-A31D-43D6-B96A-6F415AC1FD8A}.Release|Any CPU.Build.0 = Release|Any CPU
	EndGlobalSection
	GlobalSection(SolutionProperties) = preSolution
		HideSolutionNode = FALSE
	EndGlobalSection
	GlobalSection(ExtensibilityGlobals) = postSolution
		SolutionGuid = {1B20ADAD-23B9-4C66-A2BB-3588624B6C7F}
	EndGlobalSection
EndGlobal
